
Microsoft Visual Studio Solution File, Format Version 12.00
# Visual Studio Version 17
VisualStudioVersion = 17.0.31903.59
MinimumVisualStudioVersion = 10.0.40219.1
Project("{2150E333-8FDC-42A3-9474-1A3956D46DE8}") = "src", "src", "{560F5C0C-A03C-4031-8A7C-7C5D8319CC92}"
EndProject
Project("{FAE04EC0-301F-11D3-BF4B-00C04F79EFBC}") = "Log.Api", "src\Log.Api\Log.Api.csproj", "{D5E3141E-4B3B-4776-8DAB-6DDFB750045B}"
EndProject
Project("{FAE04EC0-301F-11D3-BF4B-00C04F79EFBC}") = "Log.Client", "src\Log.Client\Log.Client.csproj", "{42544764-6F8E-4A12-999C-75978A425843}"
EndProject
Global
	GlobalSection(SolutionConfigurationPlatforms) = preSolution
		Debug|Any CPU = Debug|Any CPU
		Release|Any CPU = Release|Any CPU
	EndGlobalSection
	GlobalSection(SolutionProperties) = preSolution
		HideSolutionNode = FALSE
	EndGlobalSection
	GlobalSection(ProjectConfigurationPlatforms) = postSolution
		{D5E3141E-4B3B-4776-8DAB-6DDFB750045B}.Debug|Any CPU.ActiveCfg = Debug|Any CPU
		{D5E3141E-4B3B-4776-8DAB-6DDFB750045B}.Debug|Any CPU.Build.0 = Debug|Any CPU
		{D5E3141E-4B3B-4776-8DAB-6DDFB750045B}.Release|Any CPU.ActiveCfg = Release|Any CPU
		{D5E3141E-4B3B-4776-8DAB-6DDFB750045B}.Release|Any CPU.Build.0 = Release|Any CPU
		{42544764-6F8E-4A12-999C-75978A425843}.Debug|Any CPU.ActiveCfg = Debug|Any CPU
		{42544764-6F8E-4A12-999C-75978A425843}.Debug|Any CPU.Build.0 = Debug|Any CPU
		{42544764-6F8E-4A12-999C-75978A425843}.Release|Any CPU.ActiveCfg = Release|Any CPU
		{42544764-6F8E-4A12-999C-75978A425843}.Release|Any CPU.Build.0 = Release|Any CPU
	EndGlobalSection
	GlobalSection(NestedProjects) = preSolution
		{D5E3141E-4B3B-4776-8DAB-6DDFB750045B} = {560F5C0C-A03C-4031-8A7C-7C5D8319CC92}
		{42544764-6F8E-4A12-999C-75978A425843} = {560F5C0C-A03C-4031-8A7C-7C5D8319CC92}
	EndGlobalSection
EndGlobal
